
Microsoft Visual Studio Solution File, Format Version 12.00
# Visual Studio Version 17
VisualStudioVersion = 17.7.34018.315
MinimumVisualStudioVersion = 10.0.40219.1
Project("{FAE04EC0-301F-11D3-BF4B-00C04F79EFBC}") = "0907", "0907.csproj", "{C5873406-3B82-4CA0-9778-C6EB351D1F7A}"
EndProject
Global
	GlobalSection(SolutionConfigurationPlatforms) = preSolution
		Debug|Any CPU = Debug|Any CPU
		Release|Any CPU = Release|Any CPU
	EndGlobalSection
	GlobalSection(ProjectConfigurationPlatforms) = postSolution
		{C5873406-3B82-4CA0-9778-C6EB351D1F7A}.Debug|Any CPU.ActiveCfg = Debug|Any CPU
		{C5873406-3B82-4CA0-9778-C6EB351D1F7A}.Debug|Any CPU.Build.0 = Debug|Any CPU
		{C5873406-3B82-4CA0-9778-C6EB351D1F7A}.Release|Any CPU.ActiveCfg = Release|Any CPU
		{C5873406-3B82-4CA0-9778-C6EB351D1F7A}.Release|Any CPU.Build.0 = Release|Any CPU
	EndGlobalSection
	GlobalSection(SolutionProperties) = preSolution
		HideSolutionNode = FALSE
	EndGlobalSection
	GlobalSection(ExtensibilityGlobals) = postSolution
		SolutionGuid = {6702CA8D-34AC-4576-832C-4DD73A9795CD}
	EndGlobalSection
EndGlobal
