
Microsoft Visual Studio Solution File, Format Version 12.00
# Visual Studio Version 17
VisualStudioVersion = 17.7.34018.315
MinimumVisualStudioVersion = 10.0.40219.1
Project("{FAE04EC0-301F-11D3-BF4B-00C04F79EFBC}") = "0904", "0904.csproj", "{318C2366-D938-4FE9-A0EB-2401D8213AA5}"
EndProject
Global
	GlobalSection(SolutionConfigurationPlatforms) = preSolution
		Debug|Any CPU = Debug|Any CPU
		Release|Any CPU = Release|Any CPU
	EndGlobalSection
	GlobalSection(ProjectConfigurationPlatforms) = postSolution
		{318C2366-D938-4FE9-A0EB-2401D8213AA5}.Debug|Any CPU.ActiveCfg = Debug|Any CPU
		{318C2366-D938-4FE9-A0EB-2401D8213AA5}.Debug|Any CPU.Build.0 = Debug|Any CPU
		{318C2366-D938-4FE9-A0EB-2401D8213AA5}.Release|Any CPU.ActiveCfg = Release|Any CPU
		{318C2366-D938-4FE9-A0EB-2401D8213AA5}.Release|Any CPU.Build.0 = Release|Any CPU
	EndGlobalSection
	GlobalSection(SolutionProperties) = preSolution
		HideSolutionNode = FALSE
	EndGlobalSection
	GlobalSection(ExtensibilityGlobals) = postSolution
		SolutionGuid = {D6C713ED-B008-4058-9D67-1382C1BC1683}
	EndGlobalSection
EndGlobal
